
Microsoft Visual Studio Solution File, Format Version 12.00
# Visual Studio Version 16
VisualStudioVersion = 16.0.29009.5
MinimumVisualStudioVersion = 10.0.40219.1
Project("{FAE04EC0-301F-11D3-BF4B-00C04F79EFBC}") = "SowixTransport", "SowixTransport\SowixTransport.csproj", "{24D0E9E2-1D05-45B8-ACC9-573D318C8A36}"
EndProject
Project("{FAE04EC0-301F-11D3-BF4B-00C04F79EFBC}") = "SowixMessenger", "SowixMessenger\SowixMessenger.csproj", "{82EE6F8D-CB95-44F8-B990-419374705602}"
EndProject
Global
	GlobalSection(SolutionConfigurationPlatforms) = preSolution
		Debug|Any CPU = Debug|Any CPU
		Release|Any CPU = Release|Any CPU
	EndGlobalSection
	GlobalSection(ProjectConfigurationPlatforms) = postSolution
		{24D0E9E2-1D05-45B8-ACC9-573D318C8A36}.Debug|Any CPU.ActiveCfg = Debug|Any CPU
		{24D0E9E2-1D05-45B8-ACC9-573D318C8A36}.Debug|Any CPU.Build.0 = Debug|Any CPU
		{24D0E9E2-1D05-45B8-ACC9-573D318C8A36}.Release|Any CPU.ActiveCfg = Release|Any CPU
		{24D0E9E2-1D05-45B8-ACC9-573D318C8A36}.Release|Any CPU.Build.0 = Release|Any CPU
		{82EE6F8D-CB95-44F8-B990-419374705602}.Debug|Any CPU.ActiveCfg = Debug|Any CPU
		{82EE6F8D-CB95-44F8-B990-419374705602}.Debug|Any CPU.Build.0 = Debug|Any CPU
		{82EE6F8D-CB95-44F8-B990-419374705602}.Release|Any CPU.ActiveCfg = Release|Any CPU
		{82EE6F8D-CB95-44F8-B990-419374705602}.Release|Any CPU.Build.0 = Release|Any CPU
	EndGlobalSection
	GlobalSection(SolutionProperties) = preSolution
		HideSolutionNode = FALSE
	EndGlobalSection
	GlobalSection(ExtensibilityGlobals) = postSolution
		SolutionGuid = {B2E4E222-50D9-4310-9714-ECD53F9D9337}
	EndGlobalSection
EndGlobal
